
Microsoft Visual Studio Solution File, Format Version 12.00
# Visual Studio Version 16
VisualStudioVersion = 16.0.29920.165
MinimumVisualStudioVersion = 10.0.40219.1
Project("{9A19103F-16F7-4668-BE54-9A1E7A4F7556}") = "JayJanuar", "JayJanuar\JayJanuar.csproj", "{F4517964-C65E-4905-9DA9-70B16E5EA39C}"
EndProject
Project("{9A19103F-16F7-4668-BE54-9A1E7A4F7556}") = "JayJanuar.Model", "JayJanuar.Model\JayJanuar.Model.csproj", "{9B0F4547-B5CC-4082-BACF-8AE8EA083FCC}"
EndProject
Project("{9A19103F-16F7-4668-BE54-9A1E7A4F7556}") = "JayJanuar.Core", "JayJanuar.Core\JayJanuar.Core.csproj", "{7A0747DF-9802-4740-97A4-DD4045627025}"
EndProject
Project("{9A19103F-16F7-4668-BE54-9A1E7A4F7556}") = "JayJanuar.Repo", "JayJanuar.Repo\JayJanuar.Repo.csproj", "{5435B58E-F807-4E18-9A78-81B302AECFF9}"
EndProject
Project("{FAE04EC0-301F-11D3-BF4B-00C04F79EFBC}") = "JayJanuar.UnitTest", "JayJanuar.UnitTest\JayJanuar.UnitTest.csproj", "{CDFC49B3-9E5B-4188-B331-93BC3DC8CCE6}"
EndProject
Global
	GlobalSection(SolutionConfigurationPlatforms) = preSolution
		Debug|Any CPU = Debug|Any CPU
		Release|Any CPU = Release|Any CPU
	EndGlobalSection
	GlobalSection(ProjectConfigurationPlatforms) = postSolution
		{F4517964-C65E-4905-9DA9-70B16E5EA39C}.Debug|Any CPU.ActiveCfg = Debug|Any CPU
		{F4517964-C65E-4905-9DA9-70B16E5EA39C}.Debug|Any CPU.Build.0 = Debug|Any CPU
		{F4517964-C65E-4905-9DA9-70B16E5EA39C}.Release|Any CPU.ActiveCfg = Release|Any CPU
		{F4517964-C65E-4905-9DA9-70B16E5EA39C}.Release|Any CPU.Build.0 = Release|Any CPU
		{9B0F4547-B5CC-4082-BACF-8AE8EA083FCC}.Debug|Any CPU.ActiveCfg = Debug|Any CPU
		{9B0F4547-B5CC-4082-BACF-8AE8EA083FCC}.Debug|Any CPU.Build.0 = Debug|Any CPU
		{9B0F4547-B5CC-4082-BACF-8AE8EA083FCC}.Release|Any CPU.ActiveCfg = Release|Any CPU
		{9B0F4547-B5CC-4082-BACF-8AE8EA083FCC}.Release|Any CPU.Build.0 = Release|Any CPU
		{7A0747DF-9802-4740-97A4-DD4045627025}.Debug|Any CPU.ActiveCfg = Debug|Any CPU
		{7A0747DF-9802-4740-97A4-DD4045627025}.Debug|Any CPU.Build.0 = Debug|Any CPU
		{7A0747DF-9802-4740-97A4-DD4045627025}.Release|Any CPU.ActiveCfg = Release|Any CPU
		{7A0747DF-9802-4740-97A4-DD4045627025}.Release|Any CPU.Build.0 = Release|Any CPU
		{5435B58E-F807-4E18-9A78-81B302AECFF9}.Debug|Any CPU.ActiveCfg = Debug|Any CPU
		{5435B58E-F807-4E18-9A78-81B302AECFF9}.Debug|Any CPU.Build.0 = Debug|Any CPU
		{5435B58E-F807-4E18-9A78-81B302AECFF9}.Release|Any CPU.ActiveCfg = Release|Any CPU
		{5435B58E-F807-4E18-9A78-81B302AECFF9}.Release|Any CPU.Build.0 = Release|Any CPU
		{CDFC49B3-9E5B-4188-B331-93BC3DC8CCE6}.Debug|Any CPU.ActiveCfg = Debug|Any CPU
		{CDFC49B3-9E5B-4188-B331-93BC3DC8CCE6}.Debug|Any CPU.Build.0 = Debug|Any CPU
		{CDFC49B3-9E5B-4188-B331-93BC3DC8CCE6}.Release|Any CPU.ActiveCfg = Release|Any CPU
		{CDFC49B3-9E5B-4188-B331-93BC3DC8CCE6}.Release|Any CPU.Build.0 = Release|Any CPU
	EndGlobalSection
	GlobalSection(SolutionProperties) = preSolution
		HideSolutionNode = FALSE
	EndGlobalSection
	GlobalSection(ExtensibilityGlobals) = postSolution
		SolutionGuid = {5DB9B241-DFCD-4CEA-894F-C226100B19C4}
	EndGlobalSection
EndGlobal
